
Microsoft Visual Studio Solution File, Format Version 11.00
# Visual Studio 2010
# SharpDevelop 5.1
Project("{FAE04EC0-301F-11D3-BF4B-00C04F79EFBC}") = "PurePoison", "PurePoison\PurePoison.csproj", "{FA36DA91-5122-41FF-BA1C-651FB71C65EF}"
EndProject
Global
	GlobalSection(SolutionConfigurationPlatforms) = preSolution
		Debug|Any CPU = Debug|Any CPU
		Release|Any CPU = Release|Any CPU
	EndGlobalSection
	GlobalSection(ProjectConfigurationPlatforms) = postSolution
		{FA36DA91-5122-41FF-BA1C-651FB71C65EF}.Debug|Any CPU.ActiveCfg = Debug|Any CPU
		{FA36DA91-5122-41FF-BA1C-651FB71C65EF}.Debug|Any CPU.Build.0 = Debug|Any CPU
		{FA36DA91-5122-41FF-BA1C-651FB71C65EF}.Release|Any CPU.ActiveCfg = Release|Any CPU
		{FA36DA91-5122-41FF-BA1C-651FB71C65EF}.Release|Any CPU.Build.0 = Release|Any CPU
	EndGlobalSection
EndGlobal
